// !$*UTF8*$!
{
	archiveVersion = 1;
	classes = {
	};
	objectVersion = 46;
	objects = {

/* Begin PBXBuildFile section */
		2F2592691CA65BCB0046C3C6 /* main.cpp in Sources */ = {isa = PBXBuildFile; fileRef = 2F2592681CA65BCB0046C3C6 /* main.cpp */; };
		2F2592701CA65BE60046C3C6 /* GLUT.framework in Frameworks */ = {isa = PBXBuildFile; fileRef = 2F25926F1CA65BE60046C3C6 /* GLUT.framework */; };
		2F2592721CA65BEA0046C3C6 /* OpenGL.framework in Frameworks */ = {isa = PBXBuildFile; fileRef = 2F2592711CA65BEA0046C3C6 /* OpenGL.framework */; };
		2F2592741CA65BEE0046C3C6 /* Cocoa.framework in Frameworks */ = {isa = PBXBuildFile; fileRef = 2F2592731CA65BEE0046C3C6 /* Cocoa.framework */; };
/* End PBXBuildFile section */

/* Begin PBXCopyFilesBuildPhase section */
		2F2592631CA65BCB0046C3C6 /* CopyFiles */ = {
			isa = PBXCopyFilesBuildPhase;
			buildActionMask = 2147483647;
			dstPath = /usr/share/man/man1/;
			dstSubfolderSpec = 0;
			files = (
			);
			runOnlyForDeploymentPostprocessing = 1;
		};
/* End PBXCopyFilesBuildPhase section */

/* Begin PBXFileReference section */
		2F2592651CA65BCB0046C3C6 /* Viewing */ = {isa = PBXFileReference; explicitFileType = "compiled.mach-o.executable"; includeInIndex = 0; path = Viewing; sourceTree = BUILT_PRODUCTS_DIR; };
		2F2592681CA65BCB0046C3C6 /* main.cpp */ = {isa = PBXFileReference; lastKnownFileType = sourcecode.cpp.cpp; path = main.cpp; sourceTree = "<group>"; };
		2F25926F1CA65BE60046C3C6 /* GLUT.framework */ = {isa = PBXFileReference; lastKnownFileType = wrapper.framework; name = GLUT.framework; path = System/Library/Frameworks/GLUT.framework; sourceTree = SDKROOT; };
		2F2592711CA65BEA0046C3C6 /* OpenGL.framework */ = {isa = PBXFileReference; lastKnownFileType = wrapper.framework; name = OpenGL.framework; path = System/Library/Frameworks/OpenGL.framework; sourceTree = SDKROOT; };
		2F2592731CA65BEE0046C3C6 /* Cocoa.framework */ = {isa = PBXFileReference; lastKnownFileType = wrapper.framework; name = Cocoa.framework; path = System/Library/Frameworks/Cocoa.framework; sourceTree = SDKROOT; };
/* End PBXFileReference section */

/* Begin PBXFrameworksBuildPhase section */
		2F2592621CA65BCB0046C3C6 /* Frameworks */ = {
			isa = PBXFrameworksBuildPhase;
			buildActionMask = 2147483647;
			files = (
				2F2592741CA65BEE0046C3C6 /* Cocoa.framework in Frameworks */,
				2F2592721CA65BEA0046C3C6 /* OpenGL.framework in Frameworks */,
				2F2592701CA65BE60046C3C6 /* GLUT.framework in Frameworks */,
			);
			runOnlyForDeploymentPostprocessing = 0;
		};
/* End PBXFrameworksBuildPhase section */

/* Begin PBXGroup section */
		2F25925C1CA65BCB0046C3C6 = {
			isa = PBXGroup;
			children = (
				2F2592731CA65BEE0046C3C6 /* Cocoa.framework */,
				2F2592711CA65BEA0046C3C6 /* OpenGL.framework */,
				2F25926F1CA65BE60046C3C6 /* GLUT.framework */,
				2F2592671CA65BCB0046C3C6 /* Viewing */,
				2F2592661CA65BCB0046C3C6 /* Products */,
			);
			sourceTree = "<group>";
		};
		2F2592661CA65BCB0046C3C6 /* Products */ = {
			isa = PBXGroup;
			children = (
				2F2592651CA65BCB0046C3C6 /* Viewing */,
			);
			name = Products;
			sourceTree = "<group>";
		};
		2F2592671CA65BCB0046C3C6 /* Viewing */ = {
			isa = PBXGroup;
			children = (
				2F2592681CA65BCB0046C3C6 /* main.cpp */,
			);
			path = Viewing;
			sourceTree = "<group>";
		};
/* End PBXGroup section */

/* Begin PBXNativeTarget section */
		2F2592641CA65BCB0046C3C6 /* Viewing */ = {
			isa = PBXNativeTarget;
			buildConfigurationList = 2F25926C1CA65BCB0046C3C6 /* Build configuration list for PBXNativeTarget "Viewing" */;
			buildPhases = (
				2F2592611CA65BCB0046C3C6 /* Sources */,
				2F2592621CA65BCB0046C3C6 /* Frameworks */,
				2F2592631CA65BCB0046C3C6 /* CopyFiles */,
			);
			buildRules = (
			);
			dependencies = (
			);
			name = Viewing;
			productName = Viewing;
			productReference = 2F2592651CA65BCB0046C3C6 /* Viewing */;
			productType = "com.apple.product-type.tool";
		};
/* End PBXNativeTarget section */

/* Begin PBXProject section */
		2F25925D1CA65BCB0046C3C6 /* Project object */ = {
			isa = PBXProject;
			attributes = {
				LastUpgradeCheck = 0630;
				ORGANIZATIONNAME = KJBS2;
				TargetAttributes = {
					2F2592641CA65BCB0046C3C6 = {
						CreatedOnToolsVersion = 6.3;
					};
				};
			};
			buildConfigurationList = 2F2592601CA65BCB0046C3C6 /* Build configuration list for PBXProject "Viewing" */;
			compatibilityVersion = "Xcode 3.2";
			developmentRegion = English;
			hasScannedForEncodings = 0;
			knownRegions = (
				en,
			);
			mainGroup = 2F25925C1CA65BCB0046C3C6;
			productRefGroup = 2F2592661CA65BCB0046C3C6 /* Products */;
			projectDirPath = "";
			projectRoot = "";
			targets = (
				2F2592641CA65BCB0046C3C6 /* Viewing */,
			);
		};
/* End PBXProject section */

/* Begin PBXSourcesBuildPhase section */
		2F2592611CA65BCB0046C3C6 /* Sources */ = {
			isa = PBXSourcesBuildPhase;
			buildActionMask = 2147483647;
			files = (
				2F2592691CA65BCB0046C3C6 /* main.cpp in Sources */,
			);
			runOnlyForDeploymentPostprocessing = 0;
		};
/* End PBXSourcesBuildPhase section */

/* Begin XCBuildConfiguration section */
		2F25926A1CA65BCB0046C3C6 /* Debug */ = {
			isa = XCBuildConfiguration;
			buildSettings = {
				ALWAYS_SEARCH_USER_PATHS = NO;
				CLANG_CXX_LANGUAGE_STANDARD = "gnu++0x";
				CLANG_CXX_LIBRARY = "libc++";
				CLANG_ENABLE_MODULES = YES;
				CLANG_ENABLE_OBJC_ARC = YES;
				CLANG_WARN_BOOL_CONVERSION = YES;
				CLANG_WARN_CONSTANT_CONVERSION = YES;
				CLANG_WARN_DIRECT_OBJC_ISA_USAGE = YES_ERROR;
				CLANG_WARN_EMPTY_BODY = YES;
				CLANG_WARN_ENUM_CONVERSION = YES;
				CLANG_WARN_INT_CONVERSION = YES;
				CLANG_WARN_OBJC_ROOT_CLASS = YES_ERROR;
				CLANG_WARN_UNREACHABLE_CODE = YES;
				CLANG_WARN__DUPLICATE_METHOD_MATCH = YES;
				COPY_PHASE_STRIP = NO;
				DEBUG_INFORMATION_FORMAT = dwarf;
				ENABLE_STRICT_OBJC_MSGSEND = YES;
				GCC_C_LANGUAGE_STANDARD = gnu99;
				GCC_DYNAMIC_NO_PIC = NO;
				GCC_NO_COMMON_BLOCKS = YES;
				GCC_OPTIMIZATION_LEVEL = 0;
				GCC_PREPROCESSOR_DEFINITIONS = (
					"DEBUG=1",
					"$(inherited)",
				);
				GCC_SYMBOLS_PRIVATE_EXTERN = NO;
				GCC_WARN_64_TO_32_BIT_CONVERSION = YES;
				GCC_WARN_ABOUT_RETURN_TYPE = YES_ERROR;
				GCC_WARN_UNDECLARED_SELECTOR = YES;
				GCC_WARN_UNINITIALIZED_AUTOS = YES_AGGRESSIVE;
				GCC_WARN_UNUSED_FUNCTION = YES;
				GCC_WARN_UNUSED_VARIABLE = YES;
				MACOSX_DEPLOYMENT_TARGET = 10.11;
				MTL_ENABLE_DEBUG_INFO = YES;
				ONLY_ACTIVE_ARCH = YES;
				SDKROOT = macosx;
			};
			name = Debug;
		};
		2F25926B1CA65BCB0046C3C6 /* Release */ = {
			isa = XCBuildConfiguration;
			buildSettings = {
				ALWAYS_SEARCH_USER_PATHS = NO;
				CLANG_CXX_LANGUAGE_STANDARD = "gnu++0x";
				CLANG_CXX_LIBRARY = "libc++";
				CLANG_ENABLE_MODULES = YES;
				CLANG_ENABLE_OBJC_ARC = YES;
				CLANG_WARN_BOOL_CONVERSION = YES;
				CLANG_WARN_CONSTANT_CONVERSION = YES;
				CLANG_WARN_DIRECT_OBJC_ISA_USAGE = YES_ERROR;
				CLANG_WARN_EMPTY_BODY = YES;
				CLANG_WARN_ENUM_CONVERSION = YES;
				CLANG_WARN_INT_CONVERSION = YES;
				CLANG_WARN_OBJC_ROOT_CLASS = YES_ERROR;
				CLANG_WARN_UNREACHABLE_CODE = YES;
				CLANG_WARN__DUPLICATE_METHOD_MATCH = YES;
				COPY_PHASE_STRIP = NO;
				DEBUG_INFORMATION_FORMAT = "dwarf-with-dsym";
				ENABLE_NS_ASSERTIONS = NO;
				ENABLE_STRICT_OBJC_MSGSEND = YES;
				GCC_C_LANGUAGE_STANDARD = gnu99;
				GCC_NO_COMMON_BLOCKS = YES;
				GCC_WARN_64_TO_32_BIT_CONVERSION = YES;
				GCC_WARN_ABOUT_RETURN_TYPE = YES_ERROR;
				GCC_WARN_UNDECLARED_SELECTOR = YES;
				GCC_WARN_UNINITIALIZED_AUTOS = YES_AGGRESSIVE;
				GCC_WARN_UNUSED_FUNCTION = YES;
				GCC_WARN_UNUSED_VARIABLE = YES;
				MACOSX_DEPLOYMENT_TARGET = 10.11;
				MTL_ENABLE_DEBUG_INFO = NO;
				SDKROOT = macosx;
			};
			name = Release;
		};
		2F25926D1CA65BCB0046C3C6 /* Debug */ = {
			isa = XCBuildConfiguration;
			buildSettings = {
				GCC_WARN_ABOUT_DEPRECATED_FUNCTIONS = NO;
				PRODUCT_NAME = "$(TARGET_NAME)";
			};
			name = Debug;
		};
		2F25926E1CA65BCB0046C3C6 /* Release */ = {
			isa = XCBuildConfiguration;
			buildSettings = {
				GCC_WARN_ABOUT_DEPRECATED_FUNCTIONS = NO;
				PRODUCT_NAME = "$(TARGET_NAME)";
			};
			name = Release;
		};
/* End XCBuildConfiguration section */

/* Begin XCConfigurationList section */
		2F2592601CA65BCB0046C3C6 /* Build configuration list for PBXProject "Viewing" */ = {
			isa = XCConfigurationList;
			buildConfigurations = (
				2F25926A1CA65BCB0046C3C6 /* Debug */,
				2F25926B1CA65BCB0046C3C6 /* Release */,
			);
			defaultConfigurationIsVisible = 0;
			defaultConfigurationName = Release;
		};
		2F25926C1CA65BCB0046C3C6 /* Build configuration list for PBXNativeTarget "Viewing" */ = {
			isa = XCConfigurationList;
			buildConfigurations = (
				2F25926D1CA65BCB0046C3C6 /* Debug */,
				2F25926E1CA65BCB0046C3C6 /* Release */,
			);
			defaultConfigurationIsVisible = 0;
			defaultConfigurationName = Release;
		};
/* End XCConfigurationList section */
	};
	rootObject = 2F25925D1CA65BCB0046C3C6 /* Project object */;
}
