// !$*UTF8*$!
{
	archiveVersion = 1;
	classes = {
	};
	objectVersion = 46;
	objects = {

/* Begin PBXBuildFile section */
		2F205CC01CC2214C0058B4C8 /* Cocoa.framework in Frameworks */ = {isa = PBXBuildFile; fileRef = 2F205CBF1CC2214C0058B4C8 /* Cocoa.framework */; };
		2F205CC21CC221500058B4C8 /* OpenGL.framework in Frameworks */ = {isa = PBXBuildFile; fileRef = 2F205CC11CC221500058B4C8 /* OpenGL.framework */; };
		2F205CC41CC221560058B4C8 /* GLUT.framework in Frameworks */ = {isa = PBXBuildFile; fileRef = 2F205CC31CC221560058B4C8 /* GLUT.framework */; };
		2F205CC91CC221640058B4C8 /* main.cpp in Sources */ = {isa = PBXBuildFile; fileRef = 2F205CC51CC221640058B4C8 /* main.cpp */; };
		2F205CCA1CC221640058B4C8 /* tinyfiledialogs.c in Sources */ = {isa = PBXBuildFile; fileRef = 2F205CC71CC221640058B4C8 /* tinyfiledialogs.c */; };
/* End PBXBuildFile section */

/* Begin PBXCopyFilesBuildPhase section */
		2F205CB31CC221350058B4C8 /* CopyFiles */ = {
			isa = PBXCopyFilesBuildPhase;
			buildActionMask = 2147483647;
			dstPath = /usr/share/man/man1/;
			dstSubfolderSpec = 0;
			files = (
			);
			runOnlyForDeploymentPostprocessing = 1;
		};
/* End PBXCopyFilesBuildPhase section */

/* Begin PBXFileReference section */
		2F205CB51CC221350058B4C8 /* red */ = {isa = PBXFileReference; explicitFileType = "compiled.mach-o.executable"; includeInIndex = 0; path = red; sourceTree = BUILT_PRODUCTS_DIR; };
		2F205CBF1CC2214C0058B4C8 /* Cocoa.framework */ = {isa = PBXFileReference; lastKnownFileType = wrapper.framework; name = Cocoa.framework; path = System/Library/Frameworks/Cocoa.framework; sourceTree = SDKROOT; };
		2F205CC11CC221500058B4C8 /* OpenGL.framework */ = {isa = PBXFileReference; lastKnownFileType = wrapper.framework; name = OpenGL.framework; path = System/Library/Frameworks/OpenGL.framework; sourceTree = SDKROOT; };
		2F205CC31CC221560058B4C8 /* GLUT.framework */ = {isa = PBXFileReference; lastKnownFileType = wrapper.framework; name = GLUT.framework; path = System/Library/Frameworks/GLUT.framework; sourceTree = SDKROOT; };
		2F205CC51CC221640058B4C8 /* main.cpp */ = {isa = PBXFileReference; fileEncoding = 4; lastKnownFileType = sourcecode.cpp.cpp; path = main.cpp; sourceTree = "<group>"; };
		2F205CC61CC221640058B4C8 /* main.h */ = {isa = PBXFileReference; fileEncoding = 4; lastKnownFileType = sourcecode.c.h; path = main.h; sourceTree = "<group>"; };
		2F205CC71CC221640058B4C8 /* tinyfiledialogs.c */ = {isa = PBXFileReference; fileEncoding = 4; lastKnownFileType = sourcecode.c.c; path = tinyfiledialogs.c; sourceTree = "<group>"; };
		2F205CC81CC221640058B4C8 /* tinyfiledialogs.h */ = {isa = PBXFileReference; fileEncoding = 4; lastKnownFileType = sourcecode.c.h; path = tinyfiledialogs.h; sourceTree = "<group>"; };
/* End PBXFileReference section */

/* Begin PBXFrameworksBuildPhase section */
		2F205CB21CC221350058B4C8 /* Frameworks */ = {
			isa = PBXFrameworksBuildPhase;
			buildActionMask = 2147483647;
			files = (
				2F205CC41CC221560058B4C8 /* GLUT.framework in Frameworks */,
				2F205CC21CC221500058B4C8 /* OpenGL.framework in Frameworks */,
				2F205CC01CC2214C0058B4C8 /* Cocoa.framework in Frameworks */,
			);
			runOnlyForDeploymentPostprocessing = 0;
		};
/* End PBXFrameworksBuildPhase section */

/* Begin PBXGroup section */
		2F205CAC1CC221350058B4C8 = {
			isa = PBXGroup;
			children = (
				2F205CC31CC221560058B4C8 /* GLUT.framework */,
				2F205CC11CC221500058B4C8 /* OpenGL.framework */,
				2F205CBF1CC2214C0058B4C8 /* Cocoa.framework */,
				2F205CB71CC221350058B4C8 /* red */,
				2F205CB61CC221350058B4C8 /* Products */,
			);
			sourceTree = "<group>";
		};
		2F205CB61CC221350058B4C8 /* Products */ = {
			isa = PBXGroup;
			children = (
				2F205CB51CC221350058B4C8 /* red */,
			);
			name = Products;
			sourceTree = "<group>";
		};
		2F205CB71CC221350058B4C8 /* red */ = {
			isa = PBXGroup;
			children = (
				2F205CC51CC221640058B4C8 /* main.cpp */,
				2F205CC61CC221640058B4C8 /* main.h */,
				2F205CC71CC221640058B4C8 /* tinyfiledialogs.c */,
				2F205CC81CC221640058B4C8 /* tinyfiledialogs.h */,
			);
			path = red;
			sourceTree = "<group>";
		};
/* End PBXGroup section */

/* Begin PBXNativeTarget section */
		2F205CB41CC221350058B4C8 /* red */ = {
			isa = PBXNativeTarget;
			buildConfigurationList = 2F205CBC1CC221350058B4C8 /* Build configuration list for PBXNativeTarget "red" */;
			buildPhases = (
				2F205CB11CC221350058B4C8 /* Sources */,
				2F205CB21CC221350058B4C8 /* Frameworks */,
				2F205CB31CC221350058B4C8 /* CopyFiles */,
			);
			buildRules = (
			);
			dependencies = (
			);
			name = red;
			productName = red;
			productReference = 2F205CB51CC221350058B4C8 /* red */;
			productType = "com.apple.product-type.tool";
		};
/* End PBXNativeTarget section */

/* Begin PBXProject section */
		2F205CAD1CC221350058B4C8 /* Project object */ = {
			isa = PBXProject;
			attributes = {
				LastUpgradeCheck = 0630;
				ORGANIZATIONNAME = KJBS2;
				TargetAttributes = {
					2F205CB41CC221350058B4C8 = {
						CreatedOnToolsVersion = 6.3;
					};
				};
			};
			buildConfigurationList = 2F205CB01CC221350058B4C8 /* Build configuration list for PBXProject "red" */;
			compatibilityVersion = "Xcode 3.2";
			developmentRegion = English;
			hasScannedForEncodings = 0;
			knownRegions = (
				en,
			);
			mainGroup = 2F205CAC1CC221350058B4C8;
			productRefGroup = 2F205CB61CC221350058B4C8 /* Products */;
			projectDirPath = "";
			projectRoot = "";
			targets = (
				2F205CB41CC221350058B4C8 /* red */,
			);
		};
/* End PBXProject section */

/* Begin PBXSourcesBuildPhase section */
		2F205CB11CC221350058B4C8 /* Sources */ = {
			isa = PBXSourcesBuildPhase;
			buildActionMask = 2147483647;
			files = (
				2F205CC91CC221640058B4C8 /* main.cpp in Sources */,
				2F205CCA1CC221640058B4C8 /* tinyfiledialogs.c in Sources */,
			);
			runOnlyForDeploymentPostprocessing = 0;
		};
/* End PBXSourcesBuildPhase section */

/* Begin XCBuildConfiguration section */
		2F205CBA1CC221350058B4C8 /* Debug */ = {
			isa = XCBuildConfiguration;
			buildSettings = {
				ALWAYS_SEARCH_USER_PATHS = NO;
				CLANG_CXX_LANGUAGE_STANDARD = "gnu++0x";
				CLANG_CXX_LIBRARY = "libc++";
				CLANG_ENABLE_MODULES = YES;
				CLANG_ENABLE_OBJC_ARC = YES;
				CLANG_WARN_BOOL_CONVERSION = YES;
				CLANG_WARN_CONSTANT_CONVERSION = YES;
				CLANG_WARN_DIRECT_OBJC_ISA_USAGE = YES_ERROR;
				CLANG_WARN_EMPTY_BODY = YES;
				CLANG_WARN_ENUM_CONVERSION = YES;
				CLANG_WARN_INT_CONVERSION = YES;
				CLANG_WARN_OBJC_ROOT_CLASS = YES_ERROR;
				CLANG_WARN_UNREACHABLE_CODE = YES;
				CLANG_WARN__DUPLICATE_METHOD_MATCH = YES;
				COPY_PHASE_STRIP = NO;
				DEBUG_INFORMATION_FORMAT = dwarf;
				ENABLE_STRICT_OBJC_MSGSEND = YES;
				GCC_C_LANGUAGE_STANDARD = gnu99;
				GCC_DYNAMIC_NO_PIC = NO;
				GCC_NO_COMMON_BLOCKS = YES;
				GCC_OPTIMIZATION_LEVEL = 0;
				GCC_PREPROCESSOR_DEFINITIONS = (
					"DEBUG=1",
					"$(inherited)",
				);
				GCC_SYMBOLS_PRIVATE_EXTERN = NO;
				GCC_WARN_64_TO_32_BIT_CONVERSION = YES;
				GCC_WARN_ABOUT_RETURN_TYPE = YES_ERROR;
				GCC_WARN_UNDECLARED_SELECTOR = YES;
				GCC_WARN_UNINITIALIZED_AUTOS = YES_AGGRESSIVE;
				GCC_WARN_UNUSED_FUNCTION = YES;
				GCC_WARN_UNUSED_VARIABLE = YES;
				MACOSX_DEPLOYMENT_TARGET = 10.11;
				MTL_ENABLE_DEBUG_INFO = YES;
				ONLY_ACTIVE_ARCH = YES;
				SDKROOT = macosx;
			};
			name = Debug;
		};
		2F205CBB1CC221350058B4C8 /* Release */ = {
			isa = XCBuildConfiguration;
			buildSettings = {
				ALWAYS_SEARCH_USER_PATHS = NO;
				CLANG_CXX_LANGUAGE_STANDARD = "gnu++0x";
				CLANG_CXX_LIBRARY = "libc++";
				CLANG_ENABLE_MODULES = YES;
				CLANG_ENABLE_OBJC_ARC = YES;
				CLANG_WARN_BOOL_CONVERSION = YES;
				CLANG_WARN_CONSTANT_CONVERSION = YES;
				CLANG_WARN_DIRECT_OBJC_ISA_USAGE = YES_ERROR;
				CLANG_WARN_EMPTY_BODY = YES;
				CLANG_WARN_ENUM_CONVERSION = YES;
				CLANG_WARN_INT_CONVERSION = YES;
				CLANG_WARN_OBJC_ROOT_CLASS = YES_ERROR;
				CLANG_WARN_UNREACHABLE_CODE = YES;
				CLANG_WARN__DUPLICATE_METHOD_MATCH = YES;
				COPY_PHASE_STRIP = NO;
				DEBUG_INFORMATION_FORMAT = "dwarf-with-dsym";
				ENABLE_NS_ASSERTIONS = NO;
				ENABLE_STRICT_OBJC_MSGSEND = YES;
				GCC_C_LANGUAGE_STANDARD = gnu99;
				GCC_NO_COMMON_BLOCKS = YES;
				GCC_WARN_64_TO_32_BIT_CONVERSION = YES;
				GCC_WARN_ABOUT_RETURN_TYPE = YES_ERROR;
				GCC_WARN_UNDECLARED_SELECTOR = YES;
				GCC_WARN_UNINITIALIZED_AUTOS = YES_AGGRESSIVE;
				GCC_WARN_UNUSED_FUNCTION = YES;
				GCC_WARN_UNUSED_VARIABLE = YES;
				MACOSX_DEPLOYMENT_TARGET = 10.11;
				MTL_ENABLE_DEBUG_INFO = NO;
				SDKROOT = macosx;
			};
			name = Release;
		};
		2F205CBD1CC221350058B4C8 /* Debug */ = {
			isa = XCBuildConfiguration;
			buildSettings = {
				GCC_WARN_ABOUT_DEPRECATED_FUNCTIONS = NO;
				PRODUCT_NAME = "$(TARGET_NAME)";
			};
			name = Debug;
		};
		2F205CBE1CC221350058B4C8 /* Release */ = {
			isa = XCBuildConfiguration;
			buildSettings = {
				GCC_WARN_ABOUT_DEPRECATED_FUNCTIONS = NO;
				PRODUCT_NAME = "$(TARGET_NAME)";
			};
			name = Release;
		};
/* End XCBuildConfiguration section */

/* Begin XCConfigurationList section */
		2F205CB01CC221350058B4C8 /* Build configuration list for PBXProject "red" */ = {
			isa = XCConfigurationList;
			buildConfigurations = (
				2F205CBA1CC221350058B4C8 /* Debug */,
				2F205CBB1CC221350058B4C8 /* Release */,
			);
			defaultConfigurationIsVisible = 0;
			defaultConfigurationName = Release;
		};
		2F205CBC1CC221350058B4C8 /* Build configuration list for PBXNativeTarget "red" */ = {
			isa = XCConfigurationList;
			buildConfigurations = (
				2F205CBD1CC221350058B4C8 /* Debug */,
				2F205CBE1CC221350058B4C8 /* Release */,
			);
			defaultConfigurationIsVisible = 0;
			defaultConfigurationName = Release;
		};
/* End XCConfigurationList section */
	};
	rootObject = 2F205CAD1CC221350058B4C8 /* Project object */;
}
